
Microsoft Visual Studio Solution File, Format Version 12.00
# Visual Studio Version 17
VisualStudioVersion = 17.0.31912.275
MinimumVisualStudioVersion = 10.0.40219.1
Project("{FAE04EC0-301F-11D3-BF4B-00C04F79EFBC}") = "WinFormsApp1", "WinFormsApp1\WinFormsApp1.csproj", "{004F10C6-1568-46B5-98C8-D47FBE18E7C6}"
EndProject
Global
	GlobalSection(SolutionConfigurationPlatforms) = preSolution
		Debug|Any CPU = Debug|Any CPU
		Release|Any CPU = Release|Any CPU
	EndGlobalSection
	GlobalSection(ProjectConfigurationPlatforms) = postSolution
		{004F10C6-1568-46B5-98C8-D47FBE18E7C6}.Debug|Any CPU.ActiveCfg = Debug|Any CPU
		{004F10C6-1568-46B5-98C8-D47FBE18E7C6}.Debug|Any CPU.Build.0 = Debug|Any CPU
		{004F10C6-1568-46B5-98C8-D47FBE18E7C6}.Release|Any CPU.ActiveCfg = Release|Any CPU
		{004F10C6-1568-46B5-98C8-D47FBE18E7C6}.Release|Any CPU.Build.0 = Release|Any CPU
	EndGlobalSection
	GlobalSection(SolutionProperties) = preSolution
		HideSolutionNode = FALSE
	EndGlobalSection
	GlobalSection(ExtensibilityGlobals) = postSolution
		SolutionGuid = {49D95337-080F-413D-95A7-D6980F0E4964}
	EndGlobalSection
EndGlobal
